// !$*UTF8*$!
{
	archiveVersion = 1;
	classes = {
	};
	objectVersion = 50;
	objects = {

/* Begin PBXBuildFile section */
		5E27B4D62427DF7E00F60F19 /* AppDelegate.swift in Sources */ = {isa = PBXBuildFile; fileRef = 5E27B4D52427DF7E00F60F19 /* AppDelegate.swift */; };
		5E27B4D82427DF7E00F60F19 /* SceneDelegate.swift in Sources */ = {isa = PBXBuildFile; fileRef = 5E27B4D72427DF7E00F60F19 /* SceneDelegate.swift */; };
		5E27B4DD2427DF7E00F60F19 /* Main.storyboard in Resources */ = {isa = PBXBuildFile; fileRef = 5E27B4DB2427DF7E00F60F19 /* Main.storyboard */; };
		5E27B4DF2427DF8400F60F19 /* Assets.xcassets in Resources */ = {isa = PBXBuildFile; fileRef = 5E27B4DE2427DF8400F60F19 /* Assets.xcassets */; };
		5E27B4E22427DF8400F60F19 /* LaunchScreen.storyboard in Resources */ = {isa = PBXBuildFile; fileRef = 5E27B4E02427DF8400F60F19 /* LaunchScreen.storyboard */; };
		5E27B4EA2427E0CB00F60F19 /* Crab.xcassets in Resources */ = {isa = PBXBuildFile; fileRef = 5E27B4E92427E0CB00F60F19 /* Crab.xcassets */; };
		5E27B4EC2427E11B00F60F19 /* SKSpriteNode+Utility.swift in Sources */ = {isa = PBXBuildFile; fileRef = 5E27B4EB2427E11B00F60F19 /* SKSpriteNode+Utility.swift */; };
		5E27B4EE2427E15900F60F19 /* Info.storyboard in Resources */ = {isa = PBXBuildFile; fileRef = 5E27B4ED2427E15900F60F19 /* Info.storyboard */; };
		5E27B4F02427E37100F60F19 /* Settings.swift in Sources */ = {isa = PBXBuildFile; fileRef = 5E27B4EF2427E37100F60F19 /* Settings.swift */; };
		5E381D392429564A001CBFAF /* GameViewController.swift in Sources */ = {isa = PBXBuildFile; fileRef = 5E381D382429564A001CBFAF /* GameViewController.swift */; };
		5E381D3B24295687001CBFAF /* InfoViewController.swift in Sources */ = {isa = PBXBuildFile; fileRef = 5E381D3A24295687001CBFAF /* InfoViewController.swift */; };
		5E381D3D242956A0001CBFAF /* SettingsViewController.swift in Sources */ = {isa = PBXBuildFile; fileRef = 5E381D3C242956A0001CBFAF /* SettingsViewController.swift */; };
/* End PBXBuildFile section */

/* Begin PBXFileReference section */
		5E27B4D22427DF7E00F60F19 /* Crabs.app */ = {isa = PBXFileReference; explicitFileType = wrapper.application; includeInIndex = 0; path = Crabs.app; sourceTree = BUILT_PRODUCTS_DIR; };
		5E27B4D52427DF7E00F60F19 /* AppDelegate.swift */ = {isa = PBXFileReference; lastKnownFileType = sourcecode.swift; path = AppDelegate.swift; sourceTree = "<group>"; };
		5E27B4D72427DF7E00F60F19 /* SceneDelegate.swift */ = {isa = PBXFileReference; lastKnownFileType = sourcecode.swift; path = SceneDelegate.swift; sourceTree = "<group>"; };
		5E27B4DC2427DF7E00F60F19 /* Base */ = {isa = PBXFileReference; lastKnownFileType = file.storyboard; name = Base; path = Base.lproj/Main.storyboard; sourceTree = "<group>"; };
		5E27B4DE2427DF8400F60F19 /* Assets.xcassets */ = {isa = PBXFileReference; lastKnownFileType = folder.assetcatalog; path = Assets.xcassets; sourceTree = "<group>"; };
		5E27B4E12427DF8400F60F19 /* Base */ = {isa = PBXFileReference; lastKnownFileType = file.storyboard; name = Base; path = Base.lproj/LaunchScreen.storyboard; sourceTree = "<group>"; };
		5E27B4E32427DF8400F60F19 /* Info.plist */ = {isa = PBXFileReference; lastKnownFileType = text.plist.xml; path = Info.plist; sourceTree = "<group>"; };
		5E27B4E92427E0CB00F60F19 /* Crab.xcassets */ = {isa = PBXFileReference; lastKnownFileType = folder.assetcatalog; name = Crab.xcassets; path = ../../Crab.xcassets; sourceTree = "<group>"; };
		5E27B4EB2427E11B00F60F19 /* SKSpriteNode+Utility.swift */ = {isa = PBXFileReference; fileEncoding = 4; lastKnownFileType = sourcecode.swift; name = "SKSpriteNode+Utility.swift"; path = "../../SKSpriteNode+Utility.swift"; sourceTree = "<group>"; };
		5E27B4ED2427E15900F60F19 /* Info.storyboard */ = {isa = PBXFileReference; lastKnownFileType = file.storyboard; path = Info.storyboard; sourceTree = "<group>"; };
		5E27B4EF2427E37100F60F19 /* Settings.swift */ = {isa = PBXFileReference; lastKnownFileType = sourcecode.swift; path = Settings.swift; sourceTree = "<group>"; };
		5E381D382429564A001CBFAF /* GameViewController.swift */ = {isa = PBXFileReference; lastKnownFileType = sourcecode.swift; path = GameViewController.swift; sourceTree = "<group>"; };
		5E381D3A24295687001CBFAF /* InfoViewController.swift */ = {isa = PBXFileReference; lastKnownFileType = sourcecode.swift; path = InfoViewController.swift; sourceTree = "<group>"; };
		5E381D3C242956A0001CBFAF /* SettingsViewController.swift */ = {isa = PBXFileReference; lastKnownFileType = sourcecode.swift; path = SettingsViewController.swift; sourceTree = "<group>"; };
/* End PBXFileReference section */

/* Begin PBXFrameworksBuildPhase section */
		5E27B4CF2427DF7E00F60F19 /* Frameworks */ = {
			isa = PBXFrameworksBuildPhase;
			buildActionMask = 2147483647;
			files = (
			);
			runOnlyForDeploymentPostprocessing = 0;
		};
/* End PBXFrameworksBuildPhase section */

/* Begin PBXGroup section */
		5E27B4C92427DF7E00F60F19 = {
			isa = PBXGroup;
			children = (
				5E27B4D42427DF7E00F60F19 /* Crabs */,
				5E27B4D32427DF7E00F60F19 /* Products */,
			);
			sourceTree = "<group>";
		};
		5E27B4D32427DF7E00F60F19 /* Products */ = {
			isa = PBXGroup;
			children = (
				5E27B4D22427DF7E00F60F19 /* Crabs.app */,
			);
			name = Products;
			sourceTree = "<group>";
		};
		5E27B4D42427DF7E00F60F19 /* Crabs */ = {
			isa = PBXGroup;
			children = (
				5E27B4D52427DF7E00F60F19 /* AppDelegate.swift */,
				5E27B4D72427DF7E00F60F19 /* SceneDelegate.swift */,
				5E27B4DB2427DF7E00F60F19 /* Main.storyboard */,
				5E27B4ED2427E15900F60F19 /* Info.storyboard */,
				5E27B4DE2427DF8400F60F19 /* Assets.xcassets */,
				5E27B4E92427E0CB00F60F19 /* Crab.xcassets */,
				5E27B4EB2427E11B00F60F19 /* SKSpriteNode+Utility.swift */,
				5E27B4E02427DF8400F60F19 /* LaunchScreen.storyboard */,
				5E27B4E32427DF8400F60F19 /* Info.plist */,
				5E27B4EF2427E37100F60F19 /* Settings.swift */,
				5E381D382429564A001CBFAF /* GameViewController.swift */,
				5E381D3A24295687001CBFAF /* InfoViewController.swift */,
				5E381D3C242956A0001CBFAF /* SettingsViewController.swift */,
			);
			path = Crabs;
			sourceTree = "<group>";
		};
/* End PBXGroup section */

/* Begin PBXNativeTarget section */
		5E27B4D12427DF7E00F60F19 /* Crabs */ = {
			isa = PBXNativeTarget;
			buildConfigurationList = 5E27B4E62427DF8400F60F19 /* Build configuration list for PBXNativeTarget "Crabs" */;
			buildPhases = (
				5E27B4CE2427DF7E00F60F19 /* Sources */,
				5E27B4CF2427DF7E00F60F19 /* Frameworks */,
				5E27B4D02427DF7E00F60F19 /* Resources */,
			);
			buildRules = (
			);
			dependencies = (
			);
			name = Crabs;
			productName = Crabs;
			productReference = 5E27B4D22427DF7E00F60F19 /* Crabs.app */;
			productType = "com.apple.product-type.application";
		};
/* End PBXNativeTarget section */

/* Begin PBXProject section */
		5E27B4CA2427DF7E00F60F19 /* Project object */ = {
			isa = PBXProject;
			attributes = {
				LastSwiftUpdateCheck = 1130;
				LastUpgradeCheck = 1130;
				ORGANIZATIONNAME = "Cody Morley";
				TargetAttributes = {
					5E27B4D12427DF7E00F60F19 = {
						CreatedOnToolsVersion = 11.3.1;
					};
				};
			};
			buildConfigurationList = 5E27B4CD2427DF7E00F60F19 /* Build configuration list for PBXProject "Crabs" */;
			compatibilityVersion = "Xcode 9.3";
			developmentRegion = en;
			hasScannedForEncodings = 0;
			knownRegions = (
				en,
				Base,
			);
			mainGroup = 5E27B4C92427DF7E00F60F19;
			productRefGroup = 5E27B4D32427DF7E00F60F19 /* Products */;
			projectDirPath = "";
			projectRoot = "";
			targets = (
				5E27B4D12427DF7E00F60F19 /* Crabs */,
			);
		};
/* End PBXProject section */

/* Begin PBXResourcesBuildPhase section */
		5E27B4D02427DF7E00F60F19 /* Resources */ = {
			isa = PBXResourcesBuildPhase;
			buildActionMask = 2147483647;
			files = (
				5E27B4E22427DF8400F60F19 /* LaunchScreen.storyboard in Resources */,
				5E27B4EA2427E0CB00F60F19 /* Crab.xcassets in Resources */,
				5E27B4DF2427DF8400F60F19 /* Assets.xcassets in Resources */,
				5E27B4EE2427E15900F60F19 /* Info.storyboard in Resources */,
				5E27B4DD2427DF7E00F60F19 /* Main.storyboard in Resources */,
			);
			runOnlyForDeploymentPostprocessing = 0;
		};
/* End PBXResourcesBuildPhase section */

/* Begin PBXSourcesBuildPhase section */
		5E27B4CE2427DF7E00F60F19 /* Sources */ = {
			isa = PBXSourcesBuildPhase;
			buildActionMask = 2147483647;
			files = (
				5E381D392429564A001CBFAF /* GameViewController.swift in Sources */,
				5E27B4EC2427E11B00F60F19 /* SKSpriteNode+Utility.swift in Sources */,
				5E381D3D242956A0001CBFAF /* SettingsViewController.swift in Sources */,
				5E27B4D62427DF7E00F60F19 /* AppDelegate.swift in Sources */,
				5E27B4F02427E37100F60F19 /* Settings.swift in Sources */,
				5E381D3B24295687001CBFAF /* InfoViewController.swift in Sources */,
				5E27B4D82427DF7E00F60F19 /* SceneDelegate.swift in Sources */,
			);
			runOnlyForDeploymentPostprocessing = 0;
		};
/* End PBXSourcesBuildPhase section */

/* Begin PBXVariantGroup section */
		5E27B4DB2427DF7E00F60F19 /* Main.storyboard */ = {
			isa = PBXVariantGroup;
			children = (
				5E27B4DC2427DF7E00F60F19 /* Base */,
			);
			name = Main.storyboard;
			sourceTree = "<group>";
		};
		5E27B4E02427DF8400F60F19 /* LaunchScreen.storyboard */ = {
			isa = PBXVariantGroup;
			children = (
				5E27B4E12427DF8400F60F19 /* Base */,
			);
			name = LaunchScreen.storyboard;
			sourceTree = "<group>";
		};
/* End PBXVariantGroup section */

/* Begin XCBuildConfiguration section */
		5E27B4E42427DF8400F60F19 /* Debug */ = {
			isa = XCBuildConfiguration;
			buildSettings = {
				ALWAYS_SEARCH_USER_PATHS = NO;
				CLANG_ANALYZER_NONNULL = YES;
				CLANG_ANALYZER_NUMBER_OBJECT_CONVERSION = YES_AGGRESSIVE;
				CLANG_CXX_LANGUAGE_STANDARD = "gnu++14";
				CLANG_CXX_LIBRARY = "libc++";
				CLANG_ENABLE_MODULES = YES;
				CLANG_ENABLE_OBJC_ARC = YES;
				CLANG_ENABLE_OBJC_WEAK = YES;
				CLANG_WARN_BLOCK_CAPTURE_AUTORELEASING = YES;
				CLANG_WARN_BOOL_CONVERSION = YES;
				CLANG_WARN_COMMA = YES;
				CLANG_WARN_CONSTANT_CONVERSION = YES;
				CLANG_WARN_DEPRECATED_OBJC_IMPLEMENTATIONS = YES;
				CLANG_WARN_DIRECT_OBJC_ISA_USAGE = YES_ERROR;
				CLANG_WARN_DOCUMENTATION_COMMENTS = YES;
				CLANG_WARN_EMPTY_BODY = YES;
				CLANG_WARN_ENUM_CONVERSION = YES;
				CLANG_WARN_INFINITE_RECURSION = YES;
				CLANG_WARN_INT_CONVERSION = YES;
				CLANG_WARN_NON_LITERAL_NULL_CONVERSION = YES;
				CLANG_WARN_OBJC_IMPLICIT_RETAIN_SELF = YES;
				CLANG_WARN_OBJC_LITERAL_CONVERSION = YES;
				CLANG_WARN_OBJC_ROOT_CLASS = YES_ERROR;
				CLANG_WARN_RANGE_LOOP_ANALYSIS = YES;
				CLANG_WARN_STRICT_PROTOTYPES = YES;
				CLANG_WARN_SUSPICIOUS_MOVE = YES;
				CLANG_WARN_UNGUARDED_AVAILABILITY = YES_AGGRESSIVE;
				CLANG_WARN_UNREACHABLE_CODE = YES;
				CLANG_WARN__DUPLICATE_METHOD_MATCH = YES;
				COPY_PHASE_STRIP = NO;
				DEBUG_INFORMATION_FORMAT = dwarf;
				ENABLE_STRICT_OBJC_MSGSEND = YES;
				ENABLE_TESTABILITY = YES;
				GCC_C_LANGUAGE_STANDARD = gnu11;
				GCC_DYNAMIC_NO_PIC = NO;
				GCC_NO_COMMON_BLOCKS = YES;
				GCC_OPTIMIZATION_LEVEL = 0;
				GCC_PREPROCESSOR_DEFINITIONS = (
					"DEBUG=1",
					"$(inherited)",
				);
				GCC_WARN_64_TO_32_BIT_CONVERSION = YES;
				GCC_WARN_ABOUT_RETURN_TYPE = YES_ERROR;
				GCC_WARN_UNDECLARED_SELECTOR = YES;
				GCC_WARN_UNINITIALIZED_AUTOS = YES_AGGRESSIVE;
				GCC_WARN_UNUSED_FUNCTION = YES;
				GCC_WARN_UNUSED_VARIABLE = YES;
				IPHONEOS_DEPLOYMENT_TARGET = 13.2;
				MTL_ENABLE_DEBUG_INFO = INCLUDE_SOURCE;
				MTL_FAST_MATH = YES;
				ONLY_ACTIVE_ARCH = YES;
				SDKROOT = iphoneos;
				SWIFT_ACTIVE_COMPILATION_CONDITIONS = DEBUG;
				SWIFT_OPTIMIZATION_LEVEL = "-Onone";
			};
			name = Debug;
		};
		5E27B4E52427DF8400F60F19 /* Release */ = {
			isa = XCBuildConfiguration;
			buildSettings = {
				ALWAYS_SEARCH_USER_PATHS = NO;
				CLANG_ANALYZER_NONNULL = YES;
				CLANG_ANALYZER_NUMBER_OBJECT_CONVERSION = YES_AGGRESSIVE;
				CLANG_CXX_LANGUAGE_STANDARD = "gnu++14";
				CLANG_CXX_LIBRARY = "libc++";
				CLANG_ENABLE_MODULES = YES;
				CLANG_ENABLE_OBJC_ARC = YES;
				CLANG_ENABLE_OBJC_WEAK = YES;
				CLANG_WARN_BLOCK_CAPTURE_AUTORELEASING = YES;
				CLANG_WARN_BOOL_CONVERSION = YES;
				CLANG_WARN_COMMA = YES;
				CLANG_WARN_CONSTANT_CONVERSION = YES;
				CLANG_WARN_DEPRECATED_OBJC_IMPLEMENTATIONS = YES;
				CLANG_WARN_DIRECT_OBJC_ISA_USAGE = YES_ERROR;
				CLANG_WARN_DOCUMENTATION_COMMENTS = YES;
				CLANG_WARN_EMPTY_BODY = YES;
				CLANG_WARN_ENUM_CONVERSION = YES;
				CLANG_WARN_INFINITE_RECURSION = YES;
				CLANG_WARN_INT_CONVERSION = YES;
				CLANG_WARN_NON_LITERAL_NULL_CONVERSION = YES;
				CLANG_WARN_OBJC_IMPLICIT_RETAIN_SELF = YES;
				CLANG_WARN_OBJC_LITERAL_CONVERSION = YES;
				CLANG_WARN_OBJC_ROOT_CLASS = YES_ERROR;
				CLANG_WARN_RANGE_LOOP_ANALYSIS = YES;
				CLANG_WARN_STRICT_PROTOTYPES = YES;
				CLANG_WARN_SUSPICIOUS_MOVE = YES;
				CLANG_WARN_UNGUARDED_AVAILABILITY = YES_AGGRESSIVE;
				CLANG_WARN_UNREACHABLE_CODE = YES;
				CLANG_WARN__DUPLICATE_METHOD_MATCH = YES;
				COPY_PHASE_STRIP = NO;
				DEBUG_INFORMATION_FORMAT = "dwarf-with-dsym";
				ENABLE_NS_ASSERTIONS = NO;
				ENABLE_STRICT_OBJC_MSGSEND = YES;
				GCC_C_LANGUAGE_STANDARD = gnu11;
				GCC_NO_COMMON_BLOCKS = YES;
				GCC_WARN_64_TO_32_BIT_CONVERSION = YES;
				GCC_WARN_ABOUT_RETURN_TYPE = YES_ERROR;
				GCC_WARN_UNDECLARED_SELECTOR = YES;
				GCC_WARN_UNINITIALIZED_AUTOS = YES_AGGRESSIVE;
				GCC_WARN_UNUSED_FUNCTION = YES;
				GCC_WARN_UNUSED_VARIABLE = YES;
				IPHONEOS_DEPLOYMENT_TARGET = 13.2;
				MTL_ENABLE_DEBUG_INFO = NO;
				MTL_FAST_MATH = YES;
				SDKROOT = iphoneos;
				SWIFT_COMPILATION_MODE = wholemodule;
				SWIFT_OPTIMIZATION_LEVEL = "-O";
				VALIDATE_PRODUCT = YES;
			};
			name = Release;
		};
		5E27B4E72427DF8400F60F19 /* Debug */ = {
			isa = XCBuildConfiguration;
			buildSettings = {
				ASSETCATALOG_COMPILER_APPICON_NAME = AppIcon;
				CODE_SIGN_STYLE = Automatic;
				DEVELOPMENT_TEAM = H627294WQZ;
				INFOPLIST_FILE = Crabs/Info.plist;
				LD_RUNPATH_SEARCH_PATHS = (
					"$(inherited)",
					"@executable_path/Frameworks",
				);
				PRODUCT_BUNDLE_IDENTIFIER = CodyMorley.Crabs;
				PRODUCT_NAME = "$(TARGET_NAME)";
				SWIFT_VERSION = 5.0;
				TARGETED_DEVICE_FAMILY = "1,2";
			};
			name = Debug;
		};
		5E27B4E82427DF8400F60F19 /* Release */ = {
			isa = XCBuildConfiguration;
			buildSettings = {
				ASSETCATALOG_COMPILER_APPICON_NAME = AppIcon;
				CODE_SIGN_STYLE = Automatic;
				DEVELOPMENT_TEAM = H627294WQZ;
				INFOPLIST_FILE = Crabs/Info.plist;
				LD_RUNPATH_SEARCH_PATHS = (
					"$(inherited)",
					"@executable_path/Frameworks",
				);
				PRODUCT_BUNDLE_IDENTIFIER = CodyMorley.Crabs;
				PRODUCT_NAME = "$(TARGET_NAME)";
				SWIFT_VERSION = 5.0;
				TARGETED_DEVICE_FAMILY = "1,2";
			};
			name = Release;
		};
/* End XCBuildConfiguration section */

/* Begin XCConfigurationList section */
		5E27B4CD2427DF7E00F60F19 /* Build configuration list for PBXProject "Crabs" */ = {
			isa = XCConfigurationList;
			buildConfigurations = (
				5E27B4E42427DF8400F60F19 /* Debug */,
				5E27B4E52427DF8400F60F19 /* Release */,
			);
			defaultConfigurationIsVisible = 0;
			defaultConfigurationName = Release;
		};
		5E27B4E62427DF8400F60F19 /* Build configuration list for PBXNativeTarget "Crabs" */ = {
			isa = XCConfigurationList;
			buildConfigurations = (
				5E27B4E72427DF8400F60F19 /* Debug */,
				5E27B4E82427DF8400F60F19 /* Release */,
			);
			defaultConfigurationIsVisible = 0;
			defaultConfigurationName = Release;
		};
/* End XCConfigurationList section */
	};
	rootObject = 5E27B4CA2427DF7E00F60F19 /* Project object */;
}
